
Microsoft Visual Studio Solution File, Format Version 12.00
Project("{FAE04EC0-301F-11D3-BF4B-00C04F79EFBC}") = "TrelloBot.Webservice", "TrelloBot.Webservice\TrelloBot.Webservice.csproj", "{E44E6326-F524-4AE8-B0F4-7A6E90AEF52C}"
EndProject
Global
	GlobalSection(SolutionConfigurationPlatforms) = preSolution
		Debug|Any CPU = Debug|Any CPU
		Release|Any CPU = Release|Any CPU
	EndGlobalSection
	GlobalSection(ProjectConfigurationPlatforms) = postSolution
		{E44E6326-F524-4AE8-B0F4-7A6E90AEF52C}.Debug|Any CPU.ActiveCfg = Debug|Any CPU
		{E44E6326-F524-4AE8-B0F4-7A6E90AEF52C}.Debug|Any CPU.Build.0 = Debug|Any CPU
		{E44E6326-F524-4AE8-B0F4-7A6E90AEF52C}.Release|Any CPU.ActiveCfg = Release|Any CPU
		{E44E6326-F524-4AE8-B0F4-7A6E90AEF52C}.Release|Any CPU.Build.0 = Release|Any CPU
	EndGlobalSection
EndGlobal
